
Microsoft Visual Studio Solution File, Format Version 12.00
# Visual Studio 15
VisualStudioVersion = 15.0.28010.2026
MinimumVisualStudioVersion = 10.0.40219.1
Project("{FAE04EC0-301F-11D3-BF4B-00C04F79EFBC}") = "PhotoUploadApp.Android", "PhotoUploadApp\PhotoUploadApp.Android\PhotoUploadApp.Android.csproj", "{F45AB28F-5390-4718-B93B-7C5523D916D7}"
EndProject
Project("{FAE04EC0-301F-11D3-BF4B-00C04F79EFBC}") = "PhotoUploadApp.iOS", "PhotoUploadApp\PhotoUploadApp.iOS\PhotoUploadApp.iOS.csproj", "{1C9F1295-E45F-4F2D-8048-6D195C6719D0}"
EndProject
Project("{FAE04EC0-301F-11D3-BF4B-00C04F79EFBC}") = "PhotoUploadApp.UWP", "PhotoUploadApp\PhotoUploadApp.UWP\PhotoUploadApp.UWP.csproj", "{8512448D-1EB2-4592-8232-836474AFC9AF}"
EndProject
Project("{9A19103F-16F7-4668-BE54-9A1E7A4F7556}") = "PhotoUploadApp", "PhotoUploadApp\PhotoUploadApp\PhotoUploadApp.csproj", "{98D51407-0941-40E2-A159-E3D658DCDB8B}"
EndProject
Project("{2150E333-8FDC-42A3-9474-1A3956D46DE8}") = "Services", "Services", "{279D0248-F23B-4DB6-AE28-8391D96C2232}"
EndProject
Project("{FAE04EC0-301F-11D3-BF4B-00C04F79EFBC}") = "UploadPhotoFunctionApp", "services\UploadPhotoFunctionApp\UploadPhotoFunctionApp.csproj", "{75430FC2-BF97-4342-B391-12C493770B3D}"
EndProject
Global
	GlobalSection(SolutionConfigurationPlatforms) = preSolution
		Ad-Hoc|Any CPU = Ad-Hoc|Any CPU
		Ad-Hoc|ARM = Ad-Hoc|ARM
		Ad-Hoc|iPhone = Ad-Hoc|iPhone
		Ad-Hoc|iPhoneSimulator = Ad-Hoc|iPhoneSimulator
		Ad-Hoc|x64 = Ad-Hoc|x64
		Ad-Hoc|x86 = Ad-Hoc|x86
		AppStore|Any CPU = AppStore|Any CPU
		AppStore|ARM = AppStore|ARM
		AppStore|iPhone = AppStore|iPhone
		AppStore|iPhoneSimulator = AppStore|iPhoneSimulator
		AppStore|x64 = AppStore|x64
		AppStore|x86 = AppStore|x86
		Debug|Any CPU = Debug|Any CPU
		Debug|ARM = Debug|ARM
		Debug|iPhone = Debug|iPhone
		Debug|iPhoneSimulator = Debug|iPhoneSimulator
		Debug|x64 = Debug|x64
		Debug|x86 = Debug|x86
		Release|Any CPU = Release|Any CPU
		Release|ARM = Release|ARM
		Release|iPhone = Release|iPhone
		Release|iPhoneSimulator = Release|iPhoneSimulator
		Release|x64 = Release|x64
		Release|x86 = Release|x86
	EndGlobalSection
	GlobalSection(ProjectConfigurationPlatforms) = postSolution
		{F45AB28F-5390-4718-B93B-7C5523D916D7}.Ad-Hoc|Any CPU.ActiveCfg = Release|Any CPU
		{F45AB28F-5390-4718-B93B-7C5523D916D7}.Ad-Hoc|Any CPU.Build.0 = Release|Any CPU
		{F45AB28F-5390-4718-B93B-7C5523D916D7}.Ad-Hoc|Any CPU.Deploy.0 = Release|Any CPU
		{F45AB28F-5390-4718-B93B-7C5523D916D7}.Ad-Hoc|ARM.ActiveCfg = Release|Any CPU
		{F45AB28F-5390-4718-B93B-7C5523D916D7}.Ad-Hoc|ARM.Build.0 = Release|Any CPU
		{F45AB28F-5390-4718-B93B-7C5523D916D7}.Ad-Hoc|ARM.Deploy.0 = Release|Any CPU
		{F45AB28F-5390-4718-B93B-7C5523D916D7}.Ad-Hoc|iPhone.ActiveCfg = Release|Any CPU
		{F45AB28F-5390-4718-B93B-7C5523D916D7}.Ad-Hoc|iPhone.Build.0 = Release|Any CPU
		{F45AB28F-5390-4718-B93B-7C5523D916D7}.Ad-Hoc|iPhone.Deploy.0 = Release|Any CPU
		{F45AB28F-5390-4718-B93B-7C5523D916D7}.Ad-Hoc|iPhoneSimulator.ActiveCfg = Release|Any CPU
		{F45AB28F-5390-4718-B93B-7C5523D916D7}.Ad-Hoc|iPhoneSimulator.Build.0 = Release|Any CPU
		{F45AB28F-5390-4718-B93B-7C5523D916D7}.Ad-Hoc|iPhoneSimulator.Deploy.0 = Release|Any CPU
		{F45AB28F-5390-4718-B93B-7C5523D916D7}.Ad-Hoc|x64.ActiveCfg = Release|Any CPU
		{F45AB28F-5390-4718-B93B-7C5523D916D7}.Ad-Hoc|x64.Build.0 = Release|Any CPU
		{F45AB28F-5390-4718-B93B-7C5523D916D7}.Ad-Hoc|x64.Deploy.0 = Release|Any CPU
		{F45AB28F-5390-4718-B93B-7C5523D916D7}.Ad-Hoc|x86.ActiveCfg = Release|Any CPU
		{F45AB28F-5390-4718-B93B-7C5523D916D7}.Ad-Hoc|x86.Build.0 = Release|Any CPU
		{F45AB28F-5390-4718-B93B-7C5523D916D7}.Ad-Hoc|x86.Deploy.0 = Release|Any CPU
		{F45AB28F-5390-4718-B93B-7C5523D916D7}.AppStore|Any CPU.ActiveCfg = Release|Any CPU
		{F45AB28F-5390-4718-B93B-7C5523D916D7}.AppStore|Any CPU.Build.0 = Release|Any CPU
		{F45AB28F-5390-4718-B93B-7C5523D916D7}.AppStore|Any CPU.Deploy.0 = Release|Any CPU
		{F45AB28F-5390-4718-B93B-7C5523D916D7}.AppStore|ARM.ActiveCfg = Release|Any CPU
		{F45AB28F-5390-4718-B93B-7C5523D916D7}.AppStore|ARM.Build.0 = Release|Any CPU
		{F45AB28F-5390-4718-B93B-7C5523D916D7}.AppStore|ARM.Deploy.0 = Release|Any CPU
		{F45AB28F-5390-4718-B93B-7C5523D916D7}.AppStore|iPhone.ActiveCfg = Release|Any CPU
		{F45AB28F-5390-4718-B93B-7C5523D916D7}.AppStore|iPhone.Build.0 = Release|Any CPU
		{F45AB28F-5390-4718-B93B-7C5523D916D7}.AppStore|iPhone.Deploy.0 = Release|Any CPU
		{F45AB28F-5390-4718-B93B-7C5523D916D7}.AppStore|iPhoneSimulator.ActiveCfg = Release|Any CPU
		{F45AB28F-5390-4718-B93B-7C5523D916D7}.AppStore|iPhoneSimulator.Build.0 = Release|Any CPU
		{F45AB28F-5390-4718-B93B-7C5523D916D7}.AppStore|iPhoneSimulator.Deploy.0 = Release|Any CPU
		{F45AB28F-5390-4718-B93B-7C5523D916D7}.AppStore|x64.ActiveCfg = Release|Any CPU
		{F45AB28F-5390-4718-B93B-7C5523D916D7}.AppStore|x64.Build.0 = Release|Any CPU
		{F45AB28F-5390-4718-B93B-7C5523D916D7}.AppStore|x64.Deploy.0 = Release|Any CPU
		{F45AB28F-5390-4718-B93B-7C5523D916D7}.AppStore|x86.ActiveCfg = Release|Any CPU
		{F45AB28F-5390-4718-B93B-7C5523D916D7}.AppStore|x86.Build.0 = Release|Any CPU
		{F45AB28F-5390-4718-B93B-7C5523D916D7}.AppStore|x86.Deploy.0 = Release|Any CPU
		{F45AB28F-5390-4718-B93B-7C5523D916D7}.Debug|Any CPU.ActiveCfg = Debug|Any CPU
		{F45AB28F-5390-4718-B93B-7C5523D916D7}.Debug|Any CPU.Build.0 = Debug|Any CPU
		{F45AB28F-5390-4718-B93B-7C5523D916D7}.Debug|Any CPU.Deploy.0 = Debug|Any CPU
		{F45AB28F-5390-4718-B93B-7C5523D916D7}.Debug|ARM.ActiveCfg = Debug|Any CPU
		{F45AB28F-5390-4718-B93B-7C5523D916D7}.Debug|ARM.Build.0 = Debug|Any CPU
		{F45AB28F-5390-4718-B93B-7C5523D916D7}.Debug|ARM.Deploy.0 = Debug|Any CPU
		{F45AB28F-5390-4718-B93B-7C5523D916D7}.Debug|iPhone.ActiveCfg = Debug|Any CPU
		{F45AB28F-5390-4718-B93B-7C5523D916D7}.Debug|iPhone.Build.0 = Debug|Any CPU
		{F45AB28F-5390-4718-B93B-7C5523D916D7}.Debug|iPhone.Deploy.0 = Debug|Any CPU
		{F45AB28F-5390-4718-B93B-7C5523D916D7}.Debug|iPhoneSimulator.ActiveCfg = Debug|Any CPU
		{F45AB28F-5390-4718-B93B-7C5523D916D7}.Debug|iPhoneSimulator.Build.0 = Debug|Any CPU
		{F45AB28F-5390-4718-B93B-7C5523D916D7}.Debug|iPhoneSimulator.Deploy.0 = Debug|Any CPU
		{F45AB28F-5390-4718-B93B-7C5523D916D7}.Debug|x64.ActiveCfg = Debug|Any CPU
		{F45AB28F-5390-4718-B93B-7C5523D916D7}.Debug|x64.Build.0 = Debug|Any CPU
		{F45AB28F-5390-4718-B93B-7C5523D916D7}.Debug|x64.Deploy.0 = Debug|Any CPU
		{F45AB28F-5390-4718-B93B-7C5523D916D7}.Debug|x86.ActiveCfg = Debug|Any CPU
		{F45AB28F-5390-4718-B93B-7C5523D916D7}.Debug|x86.Build.0 = Debug|Any CPU
		{F45AB28F-5390-4718-B93B-7C5523D916D7}.Debug|x86.Deploy.0 = Debug|Any CPU
		{F45AB28F-5390-4718-B93B-7C5523D916D7}.Release|Any CPU.ActiveCfg = Release|Any CPU
		{F45AB28F-5390-4718-B93B-7C5523D916D7}.Release|Any CPU.Build.0 = Release|Any CPU
		{F45AB28F-5390-4718-B93B-7C5523D916D7}.Release|Any CPU.Deploy.0 = Release|Any CPU
		{F45AB28F-5390-4718-B93B-7C5523D916D7}.Release|ARM.ActiveCfg = Release|Any CPU
		{F45AB28F-5390-4718-B93B-7C5523D916D7}.Release|ARM.Build.0 = Release|Any CPU
		{F45AB28F-5390-4718-B93B-7C5523D916D7}.Release|ARM.Deploy.0 = Release|Any CPU
		{F45AB28F-5390-4718-B93B-7C5523D916D7}.Release|iPhone.ActiveCfg = Release|Any CPU
		{F45AB28F-5390-4718-B93B-7C5523D916D7}.Release|iPhone.Build.0 = Release|Any CPU
		{F45AB28F-5390-4718-B93B-7C5523D916D7}.Release|iPhone.Deploy.0 = Release|Any CPU
		{F45AB28F-5390-4718-B93B-7C5523D916D7}.Release|iPhoneSimulator.ActiveCfg = Release|Any CPU
		{F45AB28F-5390-4718-B93B-7C5523D916D7}.Release|iPhoneSimulator.Build.0 = Release|Any CPU
		{F45AB28F-5390-4718-B93B-7C5523D916D7}.Release|iPhoneSimulator.Deploy.0 = Release|Any CPU
		{F45AB28F-5390-4718-B93B-7C5523D916D7}.Release|x64.ActiveCfg = Release|Any CPU
		{F45AB28F-5390-4718-B93B-7C5523D916D7}.Release|x64.Build.0 = Release|Any CPU
		{F45AB28F-5390-4718-B93B-7C5523D916D7}.Release|x64.Deploy.0 = Release|Any CPU
		{F45AB28F-5390-4718-B93B-7C5523D916D7}.Release|x86.ActiveCfg = Release|Any CPU
		{F45AB28F-5390-4718-B93B-7C5523D916D7}.Release|x86.Build.0 = Release|Any CPU
		{F45AB28F-5390-4718-B93B-7C5523D916D7}.Release|x86.Deploy.0 = Release|Any CPU
		{1C9F1295-E45F-4F2D-8048-6D195C6719D0}.Ad-Hoc|Any CPU.ActiveCfg = Ad-Hoc|iPhone
		{1C9F1295-E45F-4F2D-8048-6D195C6719D0}.Ad-Hoc|Any CPU.Build.0 = Ad-Hoc|iPhone
		{1C9F1295-E45F-4F2D-8048-6D195C6719D0}.Ad-Hoc|Any CPU.Deploy.0 = Ad-Hoc|iPhone
		{1C9F1295-E45F-4F2D-8048-6D195C6719D0}.Ad-Hoc|ARM.ActiveCfg = Ad-Hoc|iPhone
		{1C9F1295-E45F-4F2D-8048-6D195C6719D0}.Ad-Hoc|ARM.Build.0 = Ad-Hoc|iPhone
		{1C9F1295-E45F-4F2D-8048-6D195C6719D0}.Ad-Hoc|ARM.Deploy.0 = Ad-Hoc|iPhone
		{1C9F1295-E45F-4F2D-8048-6D195C6719D0}.Ad-Hoc|iPhone.ActiveCfg = Ad-Hoc|iPhone
		{1C9F1295-E45F-4F2D-8048-6D195C6719D0}.Ad-Hoc|iPhone.Build.0 = Ad-Hoc|iPhone
		{1C9F1295-E45F-4F2D-8048-6D195C6719D0}.Ad-Hoc|iPhone.Deploy.0 = Ad-Hoc|iPhone
		{1C9F1295-E45F-4F2D-8048-6D195C6719D0}.Ad-Hoc|iPhoneSimulator.ActiveCfg = Ad-Hoc|iPhoneSimulator
		{1C9F1295-E45F-4F2D-8048-6D195C6719D0}.Ad-Hoc|iPhoneSimulator.Build.0 = Ad-Hoc|iPhoneSimulator
		{1C9F1295-E45F-4F2D-8048-6D195C6719D0}.Ad-Hoc|iPhoneSimulator.Deploy.0 = Ad-Hoc|iPhoneSimulator
		{1C9F1295-E45F-4F2D-8048-6D195C6719D0}.Ad-Hoc|x64.ActiveCfg = Ad-Hoc|iPhone
		{1C9F1295-E45F-4F2D-8048-6D195C6719D0}.Ad-Hoc|x64.Build.0 = Ad-Hoc|iPhone
		{1C9F1295-E45F-4F2D-8048-6D195C6719D0}.Ad-Hoc|x64.Deploy.0 = Ad-Hoc|iPhone
		{1C9F1295-E45F-4F2D-8048-6D195C6719D0}.Ad-Hoc|x86.ActiveCfg = Ad-Hoc|iPhone
		{1C9F1295-E45F-4F2D-8048-6D195C6719D0}.Ad-Hoc|x86.Build.0 = Ad-Hoc|iPhone
		{1C9F1295-E45F-4F2D-8048-6D195C6719D0}.Ad-Hoc|x86.Deploy.0 = Ad-Hoc|iPhone
		{1C9F1295-E45F-4F2D-8048-6D195C6719D0}.AppStore|Any CPU.ActiveCfg = AppStore|iPhone
		{1C9F1295-E45F-4F2D-8048-6D195C6719D0}.AppStore|Any CPU.Build.0 = AppStore|iPhone
		{1C9F1295-E45F-4F2D-8048-6D195C6719D0}.AppStore|Any CPU.Deploy.0 = AppStore|iPhone
		{1C9F1295-E45F-4F2D-8048-6D195C6719D0}.AppStore|ARM.ActiveCfg = AppStore|iPhone
		{1C9F1295-E45F-4F2D-8048-6D195C6719D0}.AppStore|ARM.Build.0 = AppStore|iPhone
		{1C9F1295-E45F-4F2D-8048-6D195C6719D0}.AppStore|ARM.Deploy.0 = AppStore|iPhone
		{1C9F1295-E45F-4F2D-8048-6D195C6719D0}.AppStore|iPhone.ActiveCfg = AppStore|iPhone
		{1C9F1295-E45F-4F2D-8048-6D195C6719D0}.AppStore|iPhone.Build.0 = AppStore|iPhone
		{1C9F1295-E45F-4F2D-8048-6D195C6719D0}.AppStore|iPhone.Deploy.0 = AppStore|iPhone
		{1C9F1295-E45F-4F2D-8048-6D195C6719D0}.AppStore|iPhoneSimulator.ActiveCfg = AppStore|iPhoneSimulator
		{1C9F1295-E45F-4F2D-8048-6D195C6719D0}.AppStore|iPhoneSimulator.Build.0 = AppStore|iPhoneSimulator
		{1C9F1295-E45F-4F2D-8048-6D195C6719D0}.AppStore|iPhoneSimulator.Deploy.0 = AppStore|iPhoneSimulator
		{1C9F1295-E45F-4F2D-8048-6D195C6719D0}.AppStore|x64.ActiveCfg = AppStore|iPhone
		{1C9F1295-E45F-4F2D-8048-6D195C6719D0}.AppStore|x64.Build.0 = AppStore|iPhone
		{1C9F1295-E45F-4F2D-8048-6D195C6719D0}.AppStore|x64.Deploy.0 = AppStore|iPhone
		{1C9F1295-E45F-4F2D-8048-6D195C6719D0}.AppStore|x86.ActiveCfg = AppStore|iPhone
		{1C9F1295-E45F-4F2D-8048-6D195C6719D0}.AppStore|x86.Build.0 = AppStore|iPhone
		{1C9F1295-E45F-4F2D-8048-6D195C6719D0}.AppStore|x86.Deploy.0 = AppStore|iPhone
		{1C9F1295-E45F-4F2D-8048-6D195C6719D0}.Debug|Any CPU.ActiveCfg = Debug|iPhoneSimulator
		{1C9F1295-E45F-4F2D-8048-6D195C6719D0}.Debug|Any CPU.Build.0 = Debug|iPhoneSimulator
		{1C9F1295-E45F-4F2D-8048-6D195C6719D0}.Debug|Any CPU.Deploy.0 = Debug|iPhoneSimulator
		{1C9F1295-E45F-4F2D-8048-6D195C6719D0}.Debug|ARM.ActiveCfg = Debug|iPhone
		{1C9F1295-E45F-4F2D-8048-6D195C6719D0}.Debug|ARM.Build.0 = Debug|iPhone
		{1C9F1295-E45F-4F2D-8048-6D195C6719D0}.Debug|ARM.Deploy.0 = Debug|iPhone
		{1C9F1295-E45F-4F2D-8048-6D195C6719D0}.Debug|iPhone.ActiveCfg = Debug|iPhone
		{1C9F1295-E45F-4F2D-8048-6D195C6719D0}.Debug|iPhone.Build.0 = Debug|iPhone
		{1C9F1295-E45F-4F2D-8048-6D195C6719D0}.Debug|iPhone.Deploy.0 = Debug|iPhone
		{1C9F1295-E45F-4F2D-8048-6D195C6719D0}.Debug|iPhoneSimulator.ActiveCfg = Debug|iPhoneSimulator
		{1C9F1295-E45F-4F2D-8048-6D195C6719D0}.Debug|iPhoneSimulator.Build.0 = Debug|iPhoneSimulator
		{1C9F1295-E45F-4F2D-8048-6D195C6719D0}.Debug|iPhoneSimulator.Deploy.0 = Debug|iPhoneSimulator
		{1C9F1295-E45F-4F2D-8048-6D195C6719D0}.Debug|x64.ActiveCfg = Debug|iPhone
		{1C9F1295-E45F-4F2D-8048-6D195C6719D0}.Debug|x64.Build.0 = Debug|iPhone
		{1C9F1295-E45F-4F2D-8048-6D195C6719D0}.Debug|x64.Deploy.0 = Debug|iPhone
		{1C9F1295-E45F-4F2D-8048-6D195C6719D0}.Debug|x86.ActiveCfg = Debug|iPhone
		{1C9F1295-E45F-4F2D-8048-6D195C6719D0}.Debug|x86.Build.0 = Debug|iPhone
		{1C9F1295-E45F-4F2D-8048-6D195C6719D0}.Debug|x86.Deploy.0 = Debug|iPhone
		{1C9F1295-E45F-4F2D-8048-6D195C6719D0}.Release|Any CPU.ActiveCfg = Release|iPhone
		{1C9F1295-E45F-4F2D-8048-6D195C6719D0}.Release|Any CPU.Build.0 = Release|iPhone
		{1C9F1295-E45F-4F2D-8048-6D195C6719D0}.Release|Any CPU.Deploy.0 = Release|iPhone
		{1C9F1295-E45F-4F2D-8048-6D195C6719D0}.Release|ARM.ActiveCfg = Release|iPhone
		{1C9F1295-E45F-4F2D-8048-6D195C6719D0}.Release|ARM.Build.0 = Release|iPhone
		{1C9F1295-E45F-4F2D-8048-6D195C6719D0}.Release|ARM.Deploy.0 = Release|iPhone
		{1C9F1295-E45F-4F2D-8048-6D195C6719D0}.Release|iPhone.ActiveCfg = Release|iPhone
		{1C9F1295-E45F-4F2D-8048-6D195C6719D0}.Release|iPhone.Build.0 = Release|iPhone
		{1C9F1295-E45F-4F2D-8048-6D195C6719D0}.Release|iPhone.Deploy.0 = Release|iPhone
		{1C9F1295-E45F-4F2D-8048-6D195C6719D0}.Release|iPhoneSimulator.ActiveCfg = Release|iPhoneSimulator
		{1C9F1295-E45F-4F2D-8048-6D195C6719D0}.Release|iPhoneSimulator.Build.0 = Release|iPhoneSimulator
		{1C9F1295-E45F-4F2D-8048-6D195C6719D0}.Release|iPhoneSimulator.Deploy.0 = Release|iPhoneSimulator
		{1C9F1295-E45F-4F2D-8048-6D195C6719D0}.Release|x64.ActiveCfg = Release|iPhone
		{1C9F1295-E45F-4F2D-8048-6D195C6719D0}.Release|x64.Build.0 = Release|iPhone
		{1C9F1295-E45F-4F2D-8048-6D195C6719D0}.Release|x64.Deploy.0 = Release|iPhone
		{1C9F1295-E45F-4F2D-8048-6D195C6719D0}.Release|x86.ActiveCfg = Release|iPhone
		{1C9F1295-E45F-4F2D-8048-6D195C6719D0}.Release|x86.Build.0 = Release|iPhone
		{1C9F1295-E45F-4F2D-8048-6D195C6719D0}.Release|x86.Deploy.0 = Release|iPhone
		{8512448D-1EB2-4592-8232-836474AFC9AF}.Ad-Hoc|Any CPU.ActiveCfg = Release|x86
		{8512448D-1EB2-4592-8232-836474AFC9AF}.Ad-Hoc|Any CPU.Build.0 = Release|x86
		{8512448D-1EB2-4592-8232-836474AFC9AF}.Ad-Hoc|Any CPU.Deploy.0 = Release|x86
		{8512448D-1EB2-4592-8232-836474AFC9AF}.Ad-Hoc|ARM.ActiveCfg = Release|ARM
		{8512448D-1EB2-4592-8232-836474AFC9AF}.Ad-Hoc|ARM.Build.0 = Release|ARM
		{8512448D-1EB2-4592-8232-836474AFC9AF}.Ad-Hoc|ARM.Deploy.0 = Release|ARM
		{8512448D-1EB2-4592-8232-836474AFC9AF}.Ad-Hoc|iPhone.ActiveCfg = Release|x86
		{8512448D-1EB2-4592-8232-836474AFC9AF}.Ad-Hoc|iPhone.Build.0 = Release|x86
		{8512448D-1EB2-4592-8232-836474AFC9AF}.Ad-Hoc|iPhone.Deploy.0 = Release|x86
		{8512448D-1EB2-4592-8232-836474AFC9AF}.Ad-Hoc|iPhoneSimulator.ActiveCfg = Release|x86
		{8512448D-1EB2-4592-8232-836474AFC9AF}.Ad-Hoc|iPhoneSimulator.Build.0 = Release|x86
		{8512448D-1EB2-4592-8232-836474AFC9AF}.Ad-Hoc|iPhoneSimulator.Deploy.0 = Release|x86
		{8512448D-1EB2-4592-8232-836474AFC9AF}.Ad-Hoc|x64.ActiveCfg = Release|x64
		{8512448D-1EB2-4592-8232-836474AFC9AF}.Ad-Hoc|x64.Build.0 = Release|x64
		{8512448D-1EB2-4592-8232-836474AFC9AF}.Ad-Hoc|x64.Deploy.0 = Release|x64
		{8512448D-1EB2-4592-8232-836474AFC9AF}.Ad-Hoc|x86.ActiveCfg = Release|x86
		{8512448D-1EB2-4592-8232-836474AFC9AF}.Ad-Hoc|x86.Build.0 = Release|x86
		{8512448D-1EB2-4592-8232-836474AFC9AF}.Ad-Hoc|x86.Deploy.0 = Release|x86
		{8512448D-1EB2-4592-8232-836474AFC9AF}.AppStore|Any CPU.ActiveCfg = Release|x86
		{8512448D-1EB2-4592-8232-836474AFC9AF}.AppStore|Any CPU.Build.0 = Release|x86
		{8512448D-1EB2-4592-8232-836474AFC9AF}.AppStore|Any CPU.Deploy.0 = Release|x86
		{8512448D-1EB2-4592-8232-836474AFC9AF}.AppStore|ARM.ActiveCfg = Release|ARM
		{8512448D-1EB2-4592-8232-836474AFC9AF}.AppStore|ARM.Build.0 = Release|ARM
		{8512448D-1EB2-4592-8232-836474AFC9AF}.AppStore|ARM.Deploy.0 = Release|ARM
		{8512448D-1EB2-4592-8232-836474AFC9AF}.AppStore|iPhone.ActiveCfg = Release|x86
		{8512448D-1EB2-4592-8232-836474AFC9AF}.AppStore|iPhone.Build.0 = Release|x86
		{8512448D-1EB2-4592-8232-836474AFC9AF}.AppStore|iPhone.Deploy.0 = Release|x86
		{8512448D-1EB2-4592-8232-836474AFC9AF}.AppStore|iPhoneSimulator.ActiveCfg = Release|x86
		{8512448D-1EB2-4592-8232-836474AFC9AF}.AppStore|iPhoneSimulator.Build.0 = Release|x86
		{8512448D-1EB2-4592-8232-836474AFC9AF}.AppStore|iPhoneSimulator.Deploy.0 = Release|x86
		{8512448D-1EB2-4592-8232-836474AFC9AF}.AppStore|x64.ActiveCfg = Release|x64
		{8512448D-1EB2-4592-8232-836474AFC9AF}.AppStore|x64.Build.0 = Release|x64
		{8512448D-1EB2-4592-8232-836474AFC9AF}.AppStore|x64.Deploy.0 = Release|x64
		{8512448D-1EB2-4592-8232-836474AFC9AF}.AppStore|x86.ActiveCfg = Release|x86
		{8512448D-1EB2-4592-8232-836474AFC9AF}.AppStore|x86.Build.0 = Release|x86
		{8512448D-1EB2-4592-8232-836474AFC9AF}.AppStore|x86.Deploy.0 = Release|x86
		{8512448D-1EB2-4592-8232-836474AFC9AF}.Debug|Any CPU.ActiveCfg = Debug|x86
		{8512448D-1EB2-4592-8232-836474AFC9AF}.Debug|Any CPU.Build.0 = Debug|x86
		{8512448D-1EB2-4592-8232-836474AFC9AF}.Debug|Any CPU.Deploy.0 = Debug|x86
		{8512448D-1EB2-4592-8232-836474AFC9AF}.Debug|ARM.ActiveCfg = Debug|ARM
		{8512448D-1EB2-4592-8232-836474AFC9AF}.Debug|ARM.Build.0 = Debug|ARM
		{8512448D-1EB2-4592-8232-836474AFC9AF}.Debug|ARM.Deploy.0 = Debug|ARM
		{8512448D-1EB2-4592-8232-836474AFC9AF}.Debug|iPhone.ActiveCfg = Debug|x86
		{8512448D-1EB2-4592-8232-836474AFC9AF}.Debug|iPhone.Build.0 = Debug|x86
		{8512448D-1EB2-4592-8232-836474AFC9AF}.Debug|iPhone.Deploy.0 = Debug|x86
		{8512448D-1EB2-4592-8232-836474AFC9AF}.Debug|iPhoneSimulator.ActiveCfg = Debug|x86
		{8512448D-1EB2-4592-8232-836474AFC9AF}.Debug|iPhoneSimulator.Build.0 = Debug|x86
		{8512448D-1EB2-4592-8232-836474AFC9AF}.Debug|iPhoneSimulator.Deploy.0 = Debug|x86
		{8512448D-1EB2-4592-8232-836474AFC9AF}.Debug|x64.ActiveCfg = Debug|x64
		{8512448D-1EB2-4592-8232-836474AFC9AF}.Debug|x64.Build.0 = Debug|x64
		{8512448D-1EB2-4592-8232-836474AFC9AF}.Debug|x64.Deploy.0 = Debug|x64
		{8512448D-1EB2-4592-8232-836474AFC9AF}.Debug|x86.ActiveCfg = Debug|x86
		{8512448D-1EB2-4592-8232-836474AFC9AF}.Debug|x86.Build.0 = Debug|x86
		{8512448D-1EB2-4592-8232-836474AFC9AF}.Debug|x86.Deploy.0 = Debug|x86
		{8512448D-1EB2-4592-8232-836474AFC9AF}.Release|Any CPU.ActiveCfg = Release|x86
		{8512448D-1EB2-4592-8232-836474AFC9AF}.Release|Any CPU.Build.0 = Release|x86
		{8512448D-1EB2-4592-8232-836474AFC9AF}.Release|Any CPU.Deploy.0 = Release|x86
		{8512448D-1EB2-4592-8232-836474AFC9AF}.Release|ARM.ActiveCfg = Release|ARM
		{8512448D-1EB2-4592-8232-836474AFC9AF}.Release|ARM.Build.0 = Release|ARM
		{8512448D-1EB2-4592-8232-836474AFC9AF}.Release|ARM.Deploy.0 = Release|ARM
		{8512448D-1EB2-4592-8232-836474AFC9AF}.Release|iPhone.ActiveCfg = Release|x86
		{8512448D-1EB2-4592-8232-836474AFC9AF}.Release|iPhone.Build.0 = Release|x86
		{8512448D-1EB2-4592-8232-836474AFC9AF}.Release|iPhone.Deploy.0 = Release|x86
		{8512448D-1EB2-4592-8232-836474AFC9AF}.Release|iPhoneSimulator.ActiveCfg = Release|x86
		{8512448D-1EB2-4592-8232-836474AFC9AF}.Release|iPhoneSimulator.Build.0 = Release|x86
		{8512448D-1EB2-4592-8232-836474AFC9AF}.Release|iPhoneSimulator.Deploy.0 = Release|x86
		{8512448D-1EB2-4592-8232-836474AFC9AF}.Release|x64.ActiveCfg = Release|x64
		{8512448D-1EB2-4592-8232-836474AFC9AF}.Release|x64.Build.0 = Release|x64
		{8512448D-1EB2-4592-8232-836474AFC9AF}.Release|x64.Deploy.0 = Release|x64
		{8512448D-1EB2-4592-8232-836474AFC9AF}.Release|x86.ActiveCfg = Release|x86
		{8512448D-1EB2-4592-8232-836474AFC9AF}.Release|x86.Build.0 = Release|x86
		{8512448D-1EB2-4592-8232-836474AFC9AF}.Release|x86.Deploy.0 = Release|x86
		{98D51407-0941-40E2-A159-E3D658DCDB8B}.Ad-Hoc|Any CPU.ActiveCfg = Debug|Any CPU
		{98D51407-0941-40E2-A159-E3D658DCDB8B}.Ad-Hoc|Any CPU.Build.0 = Debug|Any CPU
		{98D51407-0941-40E2-A159-E3D658DCDB8B}.Ad-Hoc|Any CPU.Deploy.0 = Debug|Any CPU
		{98D51407-0941-40E2-A159-E3D658DCDB8B}.Ad-Hoc|ARM.ActiveCfg = Debug|Any CPU
		{98D51407-0941-40E2-A159-E3D658DCDB8B}.Ad-Hoc|ARM.Build.0 = Debug|Any CPU
		{98D51407-0941-40E2-A159-E3D658DCDB8B}.Ad-Hoc|ARM.Deploy.0 = Debug|Any CPU
		{98D51407-0941-40E2-A159-E3D658DCDB8B}.Ad-Hoc|iPhone.ActiveCfg = Debug|Any CPU
		{98D51407-0941-40E2-A159-E3D658DCDB8B}.Ad-Hoc|iPhone.Build.0 = Debug|Any CPU
		{98D51407-0941-40E2-A159-E3D658DCDB8B}.Ad-Hoc|iPhone.Deploy.0 = Debug|Any CPU
		{98D51407-0941-40E2-A159-E3D658DCDB8B}.Ad-Hoc|iPhoneSimulator.ActiveCfg = Debug|Any CPU
		{98D51407-0941-40E2-A159-E3D658DCDB8B}.Ad-Hoc|iPhoneSimulator.Build.0 = Debug|Any CPU
		{98D51407-0941-40E2-A159-E3D658DCDB8B}.Ad-Hoc|iPhoneSimulator.Deploy.0 = Debug|Any CPU
		{98D51407-0941-40E2-A159-E3D658DCDB8B}.Ad-Hoc|x64.ActiveCfg = Debug|Any CPU
		{98D51407-0941-40E2-A159-E3D658DCDB8B}.Ad-Hoc|x64.Build.0 = Debug|Any CPU
		{98D51407-0941-40E2-A159-E3D658DCDB8B}.Ad-Hoc|x64.Deploy.0 = Debug|Any CPU
		{98D51407-0941-40E2-A159-E3D658DCDB8B}.Ad-Hoc|x86.ActiveCfg = Debug|Any CPU
		{98D51407-0941-40E2-A159-E3D658DCDB8B}.Ad-Hoc|x86.Build.0 = Debug|Any CPU
		{98D51407-0941-40E2-A159-E3D658DCDB8B}.Ad-Hoc|x86.Deploy.0 = Debug|Any CPU
		{98D51407-0941-40E2-A159-E3D658DCDB8B}.AppStore|Any CPU.ActiveCfg = Debug|Any CPU
		{98D51407-0941-40E2-A159-E3D658DCDB8B}.AppStore|Any CPU.Build.0 = Debug|Any CPU
		{98D51407-0941-40E2-A159-E3D658DCDB8B}.AppStore|Any CPU.Deploy.0 = Debug|Any CPU
		{98D51407-0941-40E2-A159-E3D658DCDB8B}.AppStore|ARM.ActiveCfg = Debug|Any CPU
		{98D51407-0941-40E2-A159-E3D658DCDB8B}.AppStore|ARM.Build.0 = Debug|Any CPU
		{98D51407-0941-40E2-A159-E3D658DCDB8B}.AppStore|ARM.Deploy.0 = Debug|Any CPU
		{98D51407-0941-40E2-A159-E3D658DCDB8B}.AppStore|iPhone.ActiveCfg = Debug|Any CPU
		{98D51407-0941-40E2-A159-E3D658DCDB8B}.AppStore|iPhone.Build.0 = Debug|Any CPU
		{98D51407-0941-40E2-A159-E3D658DCDB8B}.AppStore|iPhone.Deploy.0 = Debug|Any CPU
		{98D51407-0941-40E2-A159-E3D658DCDB8B}.AppStore|iPhoneSimulator.ActiveCfg = Debug|Any CPU
		{98D51407-0941-40E2-A159-E3D658DCDB8B}.AppStore|iPhoneSimulator.Build.0 = Debug|Any CPU
		{98D51407-0941-40E2-A159-E3D658DCDB8B}.AppStore|iPhoneSimulator.Deploy.0 = Debug|Any CPU
		{98D51407-0941-40E2-A159-E3D658DCDB8B}.AppStore|x64.ActiveCfg = Debug|Any CPU
		{98D51407-0941-40E2-A159-E3D658DCDB8B}.AppStore|x64.Build.0 = Debug|Any CPU
		{98D51407-0941-40E2-A159-E3D658DCDB8B}.AppStore|x64.Deploy.0 = Debug|Any CPU
		{98D51407-0941-40E2-A159-E3D658DCDB8B}.AppStore|x86.ActiveCfg = Debug|Any CPU
		{98D51407-0941-40E2-A159-E3D658DCDB8B}.AppStore|x86.Build.0 = Debug|Any CPU
		{98D51407-0941-40E2-A159-E3D658DCDB8B}.AppStore|x86.Deploy.0 = Debug|Any CPU
		{98D51407-0941-40E2-A159-E3D658DCDB8B}.Debug|Any CPU.ActiveCfg = Debug|Any CPU
		{98D51407-0941-40E2-A159-E3D658DCDB8B}.Debug|Any CPU.Build.0 = Debug|Any CPU
		{98D51407-0941-40E2-A159-E3D658DCDB8B}.Debug|Any CPU.Deploy.0 = Debug|Any CPU
		{98D51407-0941-40E2-A159-E3D658DCDB8B}.Debug|ARM.ActiveCfg = Debug|Any CPU
		{98D51407-0941-40E2-A159-E3D658DCDB8B}.Debug|ARM.Build.0 = Debug|Any CPU
		{98D51407-0941-40E2-A159-E3D658DCDB8B}.Debug|ARM.Deploy.0 = Debug|Any CPU
		{98D51407-0941-40E2-A159-E3D658DCDB8B}.Debug|iPhone.ActiveCfg = Debug|Any CPU
		{98D51407-0941-40E2-A159-E3D658DCDB8B}.Debug|iPhone.Build.0 = Debug|Any CPU
		{98D51407-0941-40E2-A159-E3D658DCDB8B}.Debug|iPhone.Deploy.0 = Debug|Any CPU
		{98D51407-0941-40E2-A159-E3D658DCDB8B}.Debug|iPhoneSimulator.ActiveCfg = Debug|Any CPU
		{98D51407-0941-40E2-A159-E3D658DCDB8B}.Debug|iPhoneSimulator.Build.0 = Debug|Any CPU
		{98D51407-0941-40E2-A159-E3D658DCDB8B}.Debug|iPhoneSimulator.Deploy.0 = Debug|Any CPU
		{98D51407-0941-40E2-A159-E3D658DCDB8B}.Debug|x64.ActiveCfg = Debug|Any CPU
		{98D51407-0941-40E2-A159-E3D658DCDB8B}.Debug|x64.Build.0 = Debug|Any CPU
		{98D51407-0941-40E2-A159-E3D658DCDB8B}.Debug|x64.Deploy.0 = Debug|Any CPU
		{98D51407-0941-40E2-A159-E3D658DCDB8B}.Debug|x86.ActiveCfg = Debug|Any CPU
		{98D51407-0941-40E2-A159-E3D658DCDB8B}.Debug|x86.Build.0 = Debug|Any CPU
		{98D51407-0941-40E2-A159-E3D658DCDB8B}.Debug|x86.Deploy.0 = Debug|Any CPU
		{98D51407-0941-40E2-A159-E3D658DCDB8B}.Release|Any CPU.ActiveCfg = Release|Any CPU
		{98D51407-0941-40E2-A159-E3D658DCDB8B}.Release|Any CPU.Build.0 = Release|Any CPU
		{98D51407-0941-40E2-A159-E3D658DCDB8B}.Release|Any CPU.Deploy.0 = Release|Any CPU
		{98D51407-0941-40E2-A159-E3D658DCDB8B}.Release|ARM.ActiveCfg = Release|Any CPU
		{98D51407-0941-40E2-A159-E3D658DCDB8B}.Release|ARM.Build.0 = Release|Any CPU
		{98D51407-0941-40E2-A159-E3D658DCDB8B}.Release|ARM.Deploy.0 = Release|Any CPU
		{98D51407-0941-40E2-A159-E3D658DCDB8B}.Release|iPhone.ActiveCfg = Release|Any CPU
		{98D51407-0941-40E2-A159-E3D658DCDB8B}.Release|iPhone.Build.0 = Release|Any CPU
		{98D51407-0941-40E2-A159-E3D658DCDB8B}.Release|iPhone.Deploy.0 = Release|Any CPU
		{98D51407-0941-40E2-A159-E3D658DCDB8B}.Release|iPhoneSimulator.ActiveCfg = Release|Any CPU
		{98D51407-0941-40E2-A159-E3D658DCDB8B}.Release|iPhoneSimulator.Build.0 = Release|Any CPU
		{98D51407-0941-40E2-A159-E3D658DCDB8B}.Release|iPhoneSimulator.Deploy.0 = Release|Any CPU
		{98D51407-0941-40E2-A159-E3D658DCDB8B}.Release|x64.ActiveCfg = Release|Any CPU
		{98D51407-0941-40E2-A159-E3D658DCDB8B}.Release|x64.Build.0 = Release|Any CPU
		{98D51407-0941-40E2-A159-E3D658DCDB8B}.Release|x64.Deploy.0 = Release|Any CPU
		{98D51407-0941-40E2-A159-E3D658DCDB8B}.Release|x86.ActiveCfg = Release|Any CPU
		{98D51407-0941-40E2-A159-E3D658DCDB8B}.Release|x86.Build.0 = Release|Any CPU
		{98D51407-0941-40E2-A159-E3D658DCDB8B}.Release|x86.Deploy.0 = Release|Any CPU
		{75430FC2-BF97-4342-B391-12C493770B3D}.Ad-Hoc|Any CPU.ActiveCfg = Debug|Any CPU
		{75430FC2-BF97-4342-B391-12C493770B3D}.Ad-Hoc|Any CPU.Build.0 = Debug|Any CPU
		{75430FC2-BF97-4342-B391-12C493770B3D}.Ad-Hoc|ARM.ActiveCfg = Debug|Any CPU
		{75430FC2-BF97-4342-B391-12C493770B3D}.Ad-Hoc|ARM.Build.0 = Debug|Any CPU
		{75430FC2-BF97-4342-B391-12C493770B3D}.Ad-Hoc|iPhone.ActiveCfg = Debug|Any CPU
		{75430FC2-BF97-4342-B391-12C493770B3D}.Ad-Hoc|iPhone.Build.0 = Debug|Any CPU
		{75430FC2-BF97-4342-B391-12C493770B3D}.Ad-Hoc|iPhoneSimulator.ActiveCfg = Debug|Any CPU
		{75430FC2-BF97-4342-B391-12C493770B3D}.Ad-Hoc|iPhoneSimulator.Build.0 = Debug|Any CPU
		{75430FC2-BF97-4342-B391-12C493770B3D}.Ad-Hoc|x64.ActiveCfg = Debug|Any CPU
		{75430FC2-BF97-4342-B391-12C493770B3D}.Ad-Hoc|x64.Build.0 = Debug|Any CPU
		{75430FC2-BF97-4342-B391-12C493770B3D}.Ad-Hoc|x86.ActiveCfg = Debug|Any CPU
		{75430FC2-BF97-4342-B391-12C493770B3D}.Ad-Hoc|x86.Build.0 = Debug|Any CPU
		{75430FC2-BF97-4342-B391-12C493770B3D}.AppStore|Any CPU.ActiveCfg = Debug|Any CPU
		{75430FC2-BF97-4342-B391-12C493770B3D}.AppStore|Any CPU.Build.0 = Debug|Any CPU
		{75430FC2-BF97-4342-B391-12C493770B3D}.AppStore|ARM.ActiveCfg = Debug|Any CPU
		{75430FC2-BF97-4342-B391-12C493770B3D}.AppStore|ARM.Build.0 = Debug|Any CPU
		{75430FC2-BF97-4342-B391-12C493770B3D}.AppStore|iPhone.ActiveCfg = Debug|Any CPU
		{75430FC2-BF97-4342-B391-12C493770B3D}.AppStore|iPhone.Build.0 = Debug|Any CPU
		{75430FC2-BF97-4342-B391-12C493770B3D}.AppStore|iPhoneSimulator.ActiveCfg = Debug|Any CPU
		{75430FC2-BF97-4342-B391-12C493770B3D}.AppStore|iPhoneSimulator.Build.0 = Debug|Any CPU
		{75430FC2-BF97-4342-B391-12C493770B3D}.AppStore|x64.ActiveCfg = Debug|Any CPU
		{75430FC2-BF97-4342-B391-12C493770B3D}.AppStore|x64.Build.0 = Debug|Any CPU
		{75430FC2-BF97-4342-B391-12C493770B3D}.AppStore|x86.ActiveCfg = Debug|Any CPU
		{75430FC2-BF97-4342-B391-12C493770B3D}.AppStore|x86.Build.0 = Debug|Any CPU
		{75430FC2-BF97-4342-B391-12C493770B3D}.Debug|Any CPU.ActiveCfg = Debug|Any CPU
		{75430FC2-BF97-4342-B391-12C493770B3D}.Debug|Any CPU.Build.0 = Debug|Any CPU
		{75430FC2-BF97-4342-B391-12C493770B3D}.Debug|ARM.ActiveCfg = Debug|Any CPU
		{75430FC2-BF97-4342-B391-12C493770B3D}.Debug|ARM.Build.0 = Debug|Any CPU
		{75430FC2-BF97-4342-B391-12C493770B3D}.Debug|iPhone.ActiveCfg = Debug|Any CPU
		{75430FC2-BF97-4342-B391-12C493770B3D}.Debug|iPhone.Build.0 = Debug|Any CPU
		{75430FC2-BF97-4342-B391-12C493770B3D}.Debug|iPhoneSimulator.ActiveCfg = Debug|Any CPU
		{75430FC2-BF97-4342-B391-12C493770B3D}.Debug|iPhoneSimulator.Build.0 = Debug|Any CPU
		{75430FC2-BF97-4342-B391-12C493770B3D}.Debug|x64.ActiveCfg = Debug|Any CPU
		{75430FC2-BF97-4342-B391-12C493770B3D}.Debug|x64.Build.0 = Debug|Any CPU
		{75430FC2-BF97-4342-B391-12C493770B3D}.Debug|x86.ActiveCfg = Debug|Any CPU
		{75430FC2-BF97-4342-B391-12C493770B3D}.Debug|x86.Build.0 = Debug|Any CPU
		{75430FC2-BF97-4342-B391-12C493770B3D}.Release|Any CPU.ActiveCfg = Release|Any CPU
		{75430FC2-BF97-4342-B391-12C493770B3D}.Release|Any CPU.Build.0 = Release|Any CPU
		{75430FC2-BF97-4342-B391-12C493770B3D}.Release|ARM.ActiveCfg = Release|Any CPU
		{75430FC2-BF97-4342-B391-12C493770B3D}.Release|ARM.Build.0 = Release|Any CPU
		{75430FC2-BF97-4342-B391-12C493770B3D}.Release|iPhone.ActiveCfg = Release|Any CPU
		{75430FC2-BF97-4342-B391-12C493770B3D}.Release|iPhone.Build.0 = Release|Any CPU
		{75430FC2-BF97-4342-B391-12C493770B3D}.Release|iPhoneSimulator.ActiveCfg = Release|Any CPU
		{75430FC2-BF97-4342-B391-12C493770B3D}.Release|iPhoneSimulator.Build.0 = Release|Any CPU
		{75430FC2-BF97-4342-B391-12C493770B3D}.Release|x64.ActiveCfg = Release|Any CPU
		{75430FC2-BF97-4342-B391-12C493770B3D}.Release|x64.Build.0 = Release|Any CPU
		{75430FC2-BF97-4342-B391-12C493770B3D}.Release|x86.ActiveCfg = Release|Any CPU
		{75430FC2-BF97-4342-B391-12C493770B3D}.Release|x86.Build.0 = Release|Any CPU
	EndGlobalSection
	GlobalSection(SolutionProperties) = preSolution
		HideSolutionNode = FALSE
	EndGlobalSection
	GlobalSection(NestedProjects) = preSolution
		{75430FC2-BF97-4342-B391-12C493770B3D} = {279D0248-F23B-4DB6-AE28-8391D96C2232}
	EndGlobalSection
	GlobalSection(ExtensibilityGlobals) = postSolution
		SolutionGuid = {56477B84-B129-45FA-B37C-A68C5A7FB0FF}
	EndGlobalSection
EndGlobal
